# This file is automatically @generated by Poetry 2.2.1 and should not be changed by hand.

[[package]]
name = "autopep8"
version = "2.0.4"
description = "A tool that automatically formats Python code to conform to the PEP 8 style guide"
optional = false
python-versions = ">=3.6"
groups = ["dev"]
files = [
    {file = "autopep8-2.0.4-py2.py3-none-any.whl", hash = "sha256:067959ca4a07b24dbd5345efa8325f5f58da4298dab0dde0443d5ed765de80cb"},
    {file = "autopep8-2.0.4.tar.gz", hash = "sha256:2913064abd97b3419d1cc83ea71f042cb821f87e45b9c88cad5ad3c4ea87fe0c"},
]

[package.dependencies]
pycodestyle = ">=2.10.0"
tomli = {version = "*", markers = "python_version < \"3.11\""}

[[package]]
name = "certifi"
version = "2026.7.22"
description = "Python package for providing Mozilla's CA Bundle."
optional = false
python-versions = ">=3.7"
groups = ["main"]
files = [
    {file = "certifi-2026.7.22-py3-none-any.whl", hash = "sha256:62f22742b58a1a33014a2b6b706588a8d7e2a88ae7bd1a6ebe8c992928483775"},
    {file = "certifi-2026.7.22.tar.gz", hash = "sha256:741e2c3b351ddf169a738da9f2c048608ff7f2c5cc02f1ebc6b118bb090d5d55"},
]

[[package]]
name = "charset-normalizer"
version = "3.4.9"
description = "The Real First Universal Charset Detector. Open, modern and actively maintained alternative to Chardet."
optional = false
python-versions = ">=3.7"
groups = ["main"]
files = [
    {file = "charset_normalizer-3.4.9-cp310-cp310-macosx_10_9_universal2.whl", hash = "sha256:cd6280cf040f233bd7d3407b743b4b4c74f70e8e1c4199cb112a62c941c0772a"},
    {file = "charset_normalizer-3.4.9-cp310-cp310-manylinux2014_aarch64.manylinux_2_17_aarch64.manylinux_2_28_aarch64.whl", hash = "sha256:aa99adc8f081b475a12843953db36831eaf83ec33eb46a90629ca6a5de45a616"},
    {file = "charset_normalizer-3.4.9-cp310-cp310-manylinux2014_ppc64le.manylinux_2_17_ppc64le.manylinux_2_28_ppc64le.whl", hash = "sha256:c1225416b463483160e4af85d5fc3a9690ccb53fd4b1865a6437825f5ede3209"},
    {file = "charset_normalizer-3.4.9-cp310-cp310-manylinux2014_s390x.manylinux_2_17_s390x.manylinux_2_28_s390x.whl", hash = "sha256:16d10d789dd9bcca1173c95af82c58433122564b7bc39385124be735a35cbe99"},
    {file = "charset_normalizer-3.4.9-cp310-cp310-manylinux2014_x86_64.manylinux_2_17_x86_64.manylinux_2_28_x86_64.whl", hash = "sha256:9bb41182d93ea91f60b4bc8fbf4c820c69ef8a12ab2d917f3f1834f1acad07e8"},
    {file = "charset_normalizer-3.4.9-cp310-cp310-manylinux_2_31_armv7l.whl", hash = "sha256:bcf74c1df76758a395bf0af608c04c82257523f55c9868b334f06270d0f2112b"},
    {file = "charset_normalizer-3.4.9-cp310-cp310-manylinux_2_31_riscv64.manylinux_2_39_riscv64.whl", hash = "sha256:b5314963fce9b0b12743891de876e724997864ee22aa496f903f426c7e2fa5b2"},
    {file = "charset_normalizer-3.4.9-cp310-cp310-musllinux_1_2_aarch64.whl", hash = "sha256:e9701d0049d92c16703a42771b98d560b95248949f23f8cf7b4eddd201814fb9"},
    {file = "charset_normalizer-3.4.9-cp310-cp310-musllinux_1_2_armv7l.whl", hash = "sha256:65a7ff3f705e57d392f7261b6d0550fe137c3019477431f1c355e0db0a7d3e15"},
    {file = "charset_normalizer-3.4.9-cp310-cp310-musllinux_1_2_x86_64.whl", hash = "sha256:79580094b00d1789d1f93ea55bc43cb2f611910c72235b7657f3482ddcc1b22d"},
    {file = "charset_normalizer-3.4.9-cp310-cp310-win32.whl", hash = "sha256:432786d3561e69aeeae6c7e8648964ce0ad05736120135601f87ac26b9c83381"},
    {file = "charset_normalizer-3.4.9-cp310-cp310-win_amd64.whl", hash = "sha256:8c041122946b7ba21bb32c45b1aa57b1be35527690aeb3c5c234521085632eee"},
    {file = "charset_normalizer-3.4.9-cp310-cp310-win_arm64.whl", hash = "sha256:375b83ed0aecfce76c16d198fbc21f3b11b337d68662bea0a995046682a11419"},
    {file = "charset_normalizer-3.4.9-cp311-cp311-macosx_10_9_universal2.whl", hash = "sha256:0e94703ec9684807f20cfb5eed95c70f67f2a8f21ad620146d7b5a13677b93e5"},
    {file = "charset_normalizer-3.4.9-cp311-cp311-manylinux2014_aarch64.manylinux_2_17_aarch64.manylinux_2_28_aarch64.whl", hash = "sha256:2a441ea71902098ffe78c5abe6c494f44160b4af614ed16c3d9a3b1d17fd8ee2"},
    {file = "charset_normalizer-3.4.9-cp311-cp311-manylinux2014_ppc64le.manylinux_2_17_ppc64le.manylinux_2_28_ppc64le.whl", hash = "sha256:304b13570067b2547562e308af560b3963857b1fa90bd6afd978130130fe2d6a"},
    {file = "charset_normalizer-3.4.9-cp311-cp311-manylinux2014_s390x.manylinux_2_17_s390x.manylinux_2_28_s390x.whl", hash = "sha256:4773092f8019072343a7447203308b176e10199920eb02d6195e81bbb3274c29"},
    {file = "charset_normalizer-3.4.9-cp311-cp311-manylinux2014_x86_64.manylinux_2_17_x86_64.manylinux_2_28_x86_64.whl", hash = "sha256:04ce310cb89c15df659582aee80a0603788732a5e017d5bd5c81158106ce249c"},
    {file = "charset_normalizer-3.4.9-cp311-cp311-manylinux_2_31_armv7l.whl", hash = "sha256:c0323c9daef75ef2e5083624b4585018a0c9d5e3b40f607eed81a311270b934b"},
    {file = "charset_normalizer-3.4.9-cp311-cp311-manylinux_2_31_riscv64.manylinux_2_39_riscv64.whl", hash = "sha256:871ff67ea1aad4dfd91736464934d56b32dac49f9fbe16cddba36198a7b3a0db"},
    {file = "charset_normalizer-3.4.9-cp311-cp311-musllinux_1_2_aarch64.whl", hash = "sha256:67830fc78e67501f47bb950471b2dcb9b35b140084429318e862895a8e89c993"},
    {file = "charset_normalizer-3.4.9-cp311-cp311-musllinux_1_2_armv7l.whl", hash = "sha256:3d92613ec25e43b05f042302531ec0f00b8445190e43325880cbd6ab7c2581da"},
    {file = "charset_normalizer-3.4.9-cp311-cp311-musllinux_1_2_x86_64.whl", hash = "sha256:280081916dc341820640489a66e4696049401ef1cf6dd672f672e70ad915aca3"},
    {file = "charset_normalizer-3.4.9-cp311-cp311-win32.whl", hash = "sha256:ac351b3b8014eead140e77e9717e2992c6bbe30b63bc3422422eb84865412e3d"},
    {file = "charset_normalizer-3.4.9-cp311-cp311-win_amd64.whl", hash = "sha256:6366a16e1a25018694d6a5d784d09b046edc9eac40ea2b54065c3052672516a1"},
    {file = "charset_normalizer-3.4.9-cp311-cp311-win_arm64.whl", hash = "sha256:1d22856ffbe153a602df38e4a5464f0b748a54002e0d69ac6d2ad0a197cc99ec"},
    {file = "charset_normalizer-3.4.9-cp312-cp312-macosx_10_13_universal2.whl", hash = "sha256:45b0cc4e3556cd875e09102988d1ab8356c998b596c9fced84547c8138b487a0"},
    {file = "charset_normalizer-3.4.9-cp312-cp312-manylinux2014_aarch64.manylinux_2_17_aarch64.manylinux_2_28_aarch64.whl", hash = "sha256:9b2aff1c7b3884512b9512c3eaadd9bab39fb45042ffaaa1dd08ff2b9f8109d9"},
    {file = "charset_normalizer-3.4.9-cp312-cp312-manylinux2014_ppc64le.manylinux_2_17_ppc64le.manylinux_2_28_ppc64le.whl", hash = "sha256:9104ed0bd76a429d46f9ec0dbc9b08ad1d2dcdf2b00a5a0daa1c145329b35b44"},
    {file = "charset_normalizer-3.4.9-cp312-cp312-manylinux2014_s390x.manylinux_2_17_s390x.manylinux_2_28_s390x.whl", hash = "sha256:7b86a2b16095d250c6f58b3d9b2eee6f4147754344f3dab0922f7c9bf7d226c9"},
    {file = "charset_normalizer-3.4.9-cp312-cp312-manylinux2014_x86_64.manylinux_2_17_x86_64.manylinux_2_28_x86_64.whl", hash = "sha256:5e226f6218febc71f6c1fc2fafb91c226f75bdc1d8fb12d66823716e891608fd"},
    {file = "charset_normalizer-3.4.9-cp312-cp312-manylinux_2_31_armv7l.whl", hash = "sha256:90c44bc373b7687f6948b693cceaea1348ae0975d7474746559494468e3c1d84"},
    {file = "charset_normalizer-3.4.9-cp312-cp312-manylinux_2_31_riscv64.manylinux_2_39_riscv64.whl", hash = "sha256:9cdef90ae47919cae358d8ab15797a800ed41da7aba5d72419fb510729e2ed4b"},
    {file = "charset_normalizer-3.4.9-cp312-cp312-musllinux_1_2_aarch64.whl", hash = "sha256:60f44ade2cf573dad7a277e6f8ca9a51a21dda572b13bd7d8539bb3cd5dbedde"},
    {file = "charset_normalizer-3.4.9-cp312-cp312-musllinux_1_2_armv7l.whl", hash = "sha256:a1786910334ed46ab1dd73222f2cd1e05c2c3bb39f6dddb4f8b36fc382058a39"},
    {file = "charset_normalizer-3.4.9-cp312-cp312-musllinux_1_2_x86_64.whl", hash = "sha256:03d07803992c6c7bbc976327f34b18b6160327fc81cb82c9d504720ac0be3b62"},
    {file = "charset_normalizer-3.4.9-cp312-cp312-win32.whl", hash = "sha256:78841cccf1af7b40f6f716338d50c0902dbe88d9f800b3c973b7a9a0a693a642"},
    {file = "charset_normalizer-3.4.9-cp312-cp312-win_amd64.whl", hash = "sha256:4b3dac63058cc36820b0dd072f89898604e2d39686fe05321729d00d8ac185a0"},
    {file = "charset_normalizer-3.4.9-cp312-cp312-win_arm64.whl", hash = "sha256:78fa18e436a1a0e58dbd7e02fc4473f3f32cceb12df9dfca542d075961c307d2"},
    {file = "charset_normalizer-3.4.9-cp313-cp313-macosx_10_13_universal2.whl", hash = "sha256:440eede837960000d74978f0eba527be106b5b9aee0daf779d395276ed0b0614"},
    {file = "charset_normalizer-3.4.9-cp313-cp313-manylinux2014_aarch64.manylinux_2_17_aarch64.manylinux_2_28_aarch64.whl", hash = "sha256:21e764fd1e70b6a3e205a0e46f3051701f98a8cb3fad66eeb80e48bb502f8698"},
    {file = "charset_normalizer-3.4.9-cp313-cp313-manylinux2014_ppc64le.manylinux_2_17_ppc64le.manylinux_2_28_ppc64le.whl", hash = "sha256:e4fd89cc178bced6ad29cb3e6dd4aa63fa5017c3524dbd0b25998fb64a87cc8b"},
    {file = "charset_normalizer-3.4.9-cp313-cp313-manylinux2014_s390x.manylinux_2_17_s390x.manylinux_2_28_s390x.whl", hash = "sha256:bd47ba7fc3ca94896759ea0109775132d3e7ab921fbf54038e1bab2e46c313c9"},
    {file = "charset_normalizer-3.4.9-cp313-cp313-manylinux2014_x86_64.manylinux_2_17_x86_64.manylinux_2_28_x86_64.whl", hash = "sha256:84fd18bcc17526fc2b3c1af7d2b9217d32c9c04448c16ec693b9b4f1985c3d33"},
    {file = "charset_normalizer-3.4.9-cp313-cp313-manylinux_2_31_armv7l.whl", hash = "sha256:5b10cd92fc5c498b35a8635df6d5a100207f88b63a4dc1de7ef9a548e1e2cd63"},
    {file = "charset_normalizer-3.4.9-cp313-cp313-manylinux_2_31_riscv64.manylinux_2_39_riscv64.whl", hash = "sha256:a4fbdde9dd4a9ce5fd52c2b3a347bb50cc89483ef783f1cb00d408c13f7a96c0"},
    {file = "charset_normalizer-3.4.9-cp313-cp313-musllinux_1_2_aarch64.whl", hash = "sha256:416c229f77e5ea25b3dfd4b582f8d73d7e43c22320302b9ab128a2d3a0b38efe"},
    {file = "charset_normalizer-3.4.9-cp313-cp313-musllinux_1_2_armv7l.whl", hash = "sha256:75286256590a6320cf106a0d28970d3560aad9ee09aa7b34fb40524792436d35"},
    {file = "charset_normalizer-3.4.9-cp313-cp313-musllinux_1_2_x86_64.whl", hash = "sha256:69b157c5d3292bcd443faca052f3096f637f1e074b98212a933c074ae23dc3b8"},
    {file = "charset_normalizer-3.4.9-cp313-cp313-win32.whl", hash = "sha256:51307f5c71007673a2bf8232ad973483d281e74cb99c8c5a990af1eefa6277d9"},
    {file = "charset_normalizer-3.4.9-cp313-cp313-win_amd64.whl", hash = "sha256:fe2c7201c642b7c308f1675355ad7ff7b66acfe3541625efe5a3ad38f29d6115"},
    {file = "charset_normalizer-3.4.9-cp313-cp313-win_arm64.whl", hash = "sha256:611057cc5d5c0afc743ba8be6bd828c17e0aaa8643f9d0a9b9bb7dea80eb8012"},
    {file = "charset_normalizer-3.4.9-cp314-cp314-macosx_10_15_universal2.whl", hash = "sha256:0327fcd59a935777d83410750c50600ee9571af2846f71ce40f25b13da1ef380"},
    {file = "charset_normalizer-3.4.9-cp314-cp314-manylinux2014_aarch64.manylinux_2_17_aarch64.manylinux_2_28_aarch64.whl", hash = "sha256:8a79d9f4d8001473a30c163556b3c3bfebec837495a412dde78b51672f6134f9"},
    {file = "charset_normalizer-3.4.9-cp314-cp314-manylinux2014_ppc64le.manylinux_2_17_ppc64le.manylinux_2_28_ppc64le.whl", hash = "sha256:33bdcc2a32c0a0e861f60841a512c8acc658c87c2ac59d89e3a46dacf7d866e4"},
    {file = "charset_normalizer-3.4.9-cp314-cp314-manylinux2014_s390x.manylinux_2_17_s390x.manylinux_2_28_s390x.whl", hash = "sha256:f840ed6d8ecba8255df8c42b87fadeda98ddfc6eeec05e2dc66e26d46dd6f58a"},
    {file = "charset_normalizer-3.4.9-cp314-cp314-manylinux2014_x86_64.manylinux_2_17_x86_64.manylinux_2_28_x86_64.whl", hash = "sha256:c25fe15c70c59eb7c5ce8c06a1f3fa1da0ecc5ea1e7a5922c40fd2fa9b0d5046"},
    {file = "charset_normalizer-3.4.9-cp314-cp314-manylinux_2_31_armv7l.whl", hash = "sha256:f7fb7d750cfa0a070d2c24e831fd3481019a60dd317ea2b39acbcebc08b6ed81"},
    {file = "charset_normalizer-3.4.9-cp314-cp314-manylinux_2_31_riscv64.manylinux_2_39_riscv64.whl", hash = "sha256:4d1c96a7a18b9690a4d46df09e3e3382406ae3213727cd1019ebade1c4a81917"},
    {file = "charset_normalizer-3.4.9-cp314-cp314-musllinux_1_2_aarch64.whl", hash = "sha256:a4cfde78a9f2880208d16a93b795726a3017d5977e08d1e162a7a31322479c41"},
    {file = "charset_normalizer-3.4.9-cp314-cp314-musllinux_1_2_armv7l.whl", hash = "sha256:d4d6fcde76f94f5cb9e43e9e9a61f16dacefd228cbbf6f1a09bd9b219a92f1a1"},
    {file = "charset_normalizer-3.4.9-cp314-cp314-musllinux_1_2_x86_64.whl", hash = "sha256:898f0e9068ca27d37f8e83a5b962821df851532e6c4a7d615c1c033f9da6eedf"},
    {file = "charset_normalizer-3.4.9-cp314-cp314-win32.whl", hash = "sha256:c1c948747b03be832dceed96ca815cef7360de9aa19d37c730f8e3f6101aca48"},
    {file = "charset_normalizer-3.4.9-cp314-cp314-win_amd64.whl", hash = "sha256:16b65ea0f2465b6fb52aa22de5eca612aa964ddfec00a912e26f4656cbef890b"},
    {file = "charset_normalizer-3.4.9-cp314-cp314-win_arm64.whl", hash = "sha256:40a126142a56b2dfc0aacbad1de8310cbf60da7656db0e6b16eebd48e3e93519"},
    {file = "charset_normalizer-3.4.9-cp314-cp314t-macosx_10_15_universal2.whl", hash = "sha256:609b3ba8fcc0fb5ab7af00719d0fb6ad0cb518e48e7712d12fd68f1327951198"},
    {file = "charset_normalizer-3.4.9-cp314-cp314t-manylinux2014_aarch64.manylinux_2_17_aarch64.manylinux_2_28_aarch64.whl", hash = "sha256:51447e9aa2684679af07ca5021c3db526e0284347ebf4ffcec1154c3350cfe32"},
    {file = "charset_normalizer-3.4.9-cp314-cp314t-manylinux2014_ppc64le.manylinux_2_17_ppc64le.manylinux_2_28_ppc64le.whl", hash = "sha256:cc1b0fff8ead343dae06305f954eb8468ba0ec1a97881f42489d198e4ce3c632"},
    {file = "charset_normalizer-3.4.9-cp314-cp314t-manylinux2014_s390x.manylinux_2_17_s390x.manylinux_2_28_s390x.whl", hash = "sha256:fa36ec09ef71d158186bc79e359ff5fdd6e7996fe8ab638f00d6b93139ba4fcf"},
    {file = "charset_normalizer-3.4.9-cp314-cp314t-manylinux2014_x86_64.manylinux_2_17_x86_64.manylinux_2_28_x86_64.whl", hash = "sha256:df115d4d83168fdf2cae48ef1ff6d1cb4c466364e30861b37121de0f3bf1b990"},
    {file = "charset_normalizer-3.4.9-cp314-cp314t-manylinux_2_31_armv7l.whl", hash = "sha256:f86c6358749bd4fda175388691e3ba8c46e24c5347d0afd20f9b7edfc9faf07d"},
    {file = "charset_normalizer-3.4.9-cp314-cp314t-manylinux_2_31_riscv64.manylinux_2_39_riscv64.whl", hash = "sha256:32286a2c8d167e897177b673176c1e3e00d4057caf5d2b64eef9a3666b03018e"},
    {file = "charset_normalizer-3.4.9-cp314-cp314t-musllinux_1_2_aarch64.whl", hash = "sha256:83aed2c10721ddd90f68140685391b50811a880af20654c59af6b6c66c40513c"},
    {file = "charset_normalizer-3.4.9-cp314-cp314t-musllinux_1_2_armv7l.whl", hash = "sha256:cd6c3d4b783c556fa00bf540854e42f135e2f256abd29669fcd0da0f2dec79c2"},
    {file = "charset_normalizer-3.4.9-cp314-cp314t-musllinux_1_2_x86_64.whl", hash = "sha256:ee2f2a527e3c1a6e6411eb4209642e138b544a2d72fe5d0d76daf77b24063534"},
    {file = "charset_normalizer-3.4.9-cp314-cp314t-win32.whl", hash = "sha256:0d861473f743244d349b50f850d10eb87aeb22bbdcc8e64f79273c94af5a8226"},
    {file = "charset_normalizer-3.4.9-cp314-cp314t-win_amd64.whl", hash = "sha256:9b8e0f3107e2200b76f6054de99016eac3ee6762713587b36baaa7e4bd2ae177"},
    {file = "charset_normalizer-3.4.9-cp314-cp314t-win_arm64.whl", hash = "sha256:19ac87f93086ce37b86e098888555c4b4bc48102279bae3350098c0ed664b501"},
    {file = "charset_normalizer-3.4.9-cp39-cp39-macosx_10_9_universal2.whl", hash = "sha256:253a4a220747e8b5faf57ec320c4f5efb0cef05f647420bf267143ec15dba10a"},
    {file = "charset_normalizer-3.4.9-cp39-cp39-manylinux2014_aarch64.manylinux_2_17_aarch64.manylinux_2_28_aarch64.whl", hash = "sha256:68ce9f4d6b26d5ccbf7fd4459bf75f74a0a146677ebba80597df60cbdb20e6f4"},
    {file = "charset_normalizer-3.4.9-cp39-cp39-manylinux2014_ppc64le.manylinux_2_17_ppc64le.manylinux_2_28_ppc64le.whl", hash = "sha256:58150c9f9b9a552505912d182ccdf26f6396fb6094816ceebcbb20eecabaed94"},
    {file = "charset_normalizer-3.4.9-cp39-cp39-manylinux2014_s390x.manylinux_2_17_s390x.manylinux_2_28_s390x.whl", hash = "sha256:df7276909358e5635ae203673ab7e509ddd224225a8d6b0790bf13eb2bde1cc5"},
    {file = "charset_normalizer-3.4.9-cp39-cp39-manylinux2014_x86_64.manylinux_2_17_x86_64.manylinux_2_28_x86_64.whl", hash = "sha256:3c09a49d6cde137258beb3d551994a2927fd35ad5cf96aed573f61bbd67c5f84"},
    {file = "charset_normalizer-3.4.9-cp39-cp39-manylinux_2_31_armv7l.whl", hash = "sha256:231ddcbb35e2ff8973e1365db41fe0572662893b99a05deb183b68ad4c0c8bd4"},
    {file = "charset_normalizer-3.4.9-cp39-cp39-manylinux_2_31_riscv64.manylinux_2_39_riscv64.whl", hash = "sha256:920079c3f7456fa213e0829ed2073aaa727fd39d889ead5b4f35d0de5460d04f"},
    {file = "charset_normalizer-3.4.9-cp39-cp39-musllinux_1_2_aarch64.whl", hash = "sha256:0fa1aec2d32bcc03c8fa0f6f1712caad1adc38509f31142112e5c9daf5b9c833"},
    {file = "charset_normalizer-3.4.9-cp39-cp39-musllinux_1_2_armv7l.whl", hash = "sha256:ad41ba96094304aa090f5a30cb6e4fb3b3f1c264c523394b4c39bbacc4dc92ba"},
    {file = "charset_normalizer-3.4.9-cp39-cp39-musllinux_1_2_x86_64.whl", hash = "sha256:43b9e366a31fdd1c87d0eb08f579b4a82b723ea54338f040d6b4e518a026ea29"},
    {file = "charset_normalizer-3.4.9-cp39-cp39-win32.whl", hash = "sha256:93d59d504b230e83c7a843251681959a0b6a9cd76f6e146ce1b8a80eb8739af9"},
    {file = "charset_normalizer-3.4.9-cp39-cp39-win_amd64.whl", hash = "sha256:ddf4af30b417d9fe16481e9b81c27ab2a7cde1ff7ba3e85653b02db7d145dc7b"},
    {file = "charset_normalizer-3.4.9-cp39-cp39-win_arm64.whl", hash = "sha256:476743fe6dfe14a2da12e3ac79125dc84a3b2cf8094369a47a1529b0cd8549fe"},
    {file = "charset_normalizer-3.4.9-py3-none-any.whl", hash = "sha256:68e5f26a1ad57ded6d1cfb85331d1c1a195314756471d97758c48498bb4dcdf5"},
    {file = "charset_normalizer-3.4.9.tar.gz", hash = "sha256:673611bbd43f0810bec0b0f028ddeaaa501190339cac411f347ac76917c3ae7b"},
]

[[package]]
name = "colorama"
version = "0.4.6"
description = "Cross-platform colored terminal text."
optional = false
python-versions = "!=3.0.*,!=3.1.*,!=3.2.*,!=3.3.*,!=3.4.*,!=3.5.*,!=3.6.*,>=2.7"
groups = ["dev"]
markers = "sys_platform == \"win32\""
files = [
    {file = "colorama-0.4.6-py2.py3-none-any.whl", hash = "sha256:4f1d9991f5acc0ca119f9d443620b77f9d6b33703e51011c16baf57afb285fc6"},
    {file = "colorama-0.4.6.tar.gz", hash = "sha256:08695f5cb7ed6e0531a20572697297273c47b8cae5a63ffc6d6ed5c201be6e44"},
]

[[package]]
name = "deepmerge"
version = "1.1.1"
description = "a toolset to deeply merge python dictionaries."
optional = false
python-versions = "*"
groups = ["main"]
files = [
    {file = "deepmerge-1.1.1-py3-none-any.whl", hash = "sha256:7219dad9763f15be9dcd4bcb53e00f48e4eed6f5ed8f15824223eb934bb35977"},
    {file = "deepmerge-1.1.1.tar.gz", hash = "sha256:53a489dc9449636e480a784359ae2aab3191748c920649551c8e378622f0eca4"},
]

[[package]]
name = "exceptiongroup"
version = "1.3.1"
description = "Backport of PEP 654 (exception groups)"
optional = false
python-versions = ">=3.7"
groups = ["dev"]
markers = "python_version < \"3.11\""
files = [
    {file = "exceptiongroup-1.3.1-py3-none-any.whl", hash = "sha256:a7a39a3bd276781e98394987d3a5701d0c4edffb633bb7a5144577f82c773598"},
    {file = "exceptiongroup-1.3.1.tar.gz", hash = "sha256:8b412432c6055b0b7d14c310000ae93352ed6754f70fa8f7c34141f91c4e3219"},
]

[package.dependencies]
typing-extensions = {version = ">=4.6.0", markers = "python_version < \"3.13\""}

[package.extras]
test = ["pytest (>=6)"]

[[package]]
name = "exif"
version = "1.6.1"
description = "Read and modify image EXIF metadata using Python."
optional = false
python-versions = ">=3.7"
groups = ["main"]
files = [
    {file = "exif-1.6.1-py3-none-any.whl", hash = "sha256:2879830e2d8f0e5f1503110736bceb83a1e9c2121b32c23208c04284be5afbec"},
    {file = "exif-1.6.1.tar.gz", hash = "sha256:763599b89b9b67495713060a703f32d1874abf8f0628c9d77711c2c06a5f44c8"},
]

[package.dependencies]
plum-py = ">=0.5.0,<2.0.0"

[[package]]
name = "idna"
version = "3.10"
description = "Internationalized Domain Names in Applications (IDNA)"
optional = false
python-versions = ">=3.6"
groups = ["main"]
files = [
    {file = "idna-3.10-py3-none-any.whl", hash = "sha256:946d195a0d259cbba61165e88e65941f16e9b36ea6ddb97f00452bae8b1287d3"},
    {file = "idna-3.10.tar.gz", hash = "sha256:12f65c9b470abda6dc35cf8e63cc574b1c52b11df2c86030af0ac09b01b13ea9"},
]

[package.extras]
all = ["flake8 (>=7.1.1)", "mypy (>=1.11.2)", "pytest (>=8.3.2)", "ruff (>=0.6.2)"]

[[package]]
name = "importlib-metadata"
version = "6.7.0"
description = "Read metadata from Python packages"
optional = false
python-versions = ">=3.7"
groups = ["dev"]
markers = "python_version == \"3.7\""
files = [
    {file = "importlib_metadata-6.7.0-py3-none-any.whl", hash = "sha256:cb52082e659e97afc5dac71e79de97d8681de3aa07ff18578330904a9d18e5b5"},
    {file = "importlib_metadata-6.7.0.tar.gz", hash = "sha256:1aaf550d4f73e5d6783e7acb77aec43d49da8017410afae93822cc9cca98c4d4"},
]

[package.dependencies]
typing-extensions = {version = ">=3.6.4", markers = "python_version < \"3.8\""}
zipp = ">=0.5"

[package.extras]
docs = ["furo", "jaraco.packaging (>=9)", "jaraco.tidelift (>=1.4)", "rst.linker (>=1.9)", "sphinx (>=3.5)", "sphinx-lint"]
perf = ["ipython"]
testing = ["flufl.flake8", "importlib-resources (>=1.3) ; python_version < \"3.9\"", "packaging", "pyfakefs", "pytest (>=6)", "pytest-black (>=0.3.7) ; platform_python_implementation != \"PyPy\"", "pytest-checkdocs (>=2.4)", "pytest-cov", "pytest-enabler (>=1.3)", "pytest-mypy (>=0.9.1) ; platform_python_implementation != \"PyPy\"", "pytest-perf (>=0.9.2)", "pytest-ruff"]

[[package]]
name = "iniconfig"
version = "2.0.0"
description = "brain-dead simple config-ini parsing"
optional = false
python-versions = ">=3.7"
groups = ["dev"]
files = [
    {file = "iniconfig-2.0.0-py3-none-any.whl", hash = "sha256:b6a85871a79d2e3b22d2d1b94ac2824226a63c6b741c88f7ae975f18b6778374"},
    {file = "iniconfig-2.0.0.tar.gz", hash = "sha256:2d91e135bf72d31a410b17c16da610a82cb55f6b0477d1a902134b24a455b8b3"},
]

[[package]]
name = "packaging"
version = "24.0"
description = "Core utilities for Python packages"
optional = false
python-versions = ">=3.7"
groups = ["dev"]
files = [
    {file = "packaging-24.0-py3-none-any.whl", hash = "sha256:2ddfb553fdf02fb784c234c7ba6ccc288296ceabec964ad2eae3777778130bc5"},
    {file = "packaging-24.0.tar.gz", hash = "sha256:eb82c5e3e56209074766e6885bb04b8c38a0c015d0a30036ebe7ece34c9989e9"},
]

[[package]]
name = "pluggy"
version = "1.2.0"
description = "plugin and hook calling mechanisms for python"
optional = false
python-versions = ">=3.7"
groups = ["dev"]
files = [
    {file = "pluggy-1.2.0-py3-none-any.whl", hash = "sha256:c2fd55a7d7a3863cba1a013e4e2414658b1d07b6bc57b3919e0c63c9abb99849"},
    {file = "pluggy-1.2.0.tar.gz", hash = "sha256:d12f0c4b579b15f5e054301bb226ee85eeeba08ffec228092f8defbaa3a4c4b3"},
]

[package.dependencies]
importlib-metadata = {version = ">=0.12", markers = "python_version < \"3.8\""}

[package.extras]
dev = ["pre-commit", "tox"]
testing = ["pytest", "pytest-benchmark"]

[[package]]
name = "plum-py"
version = "0.8.7"
description = "Pack/Unpack Memory."
optional = false
python-versions = ">=3.6"
groups = ["main"]
files = [
    {file = "plum-py-0.8.7.tar.gz", hash = "sha256:40a25a70f7fd213f57cdd1decc65874df2d213d19d63478a1addcca748c13c4e"},
    {file = "plum_py-0.8.7-py3-none-any.whl", hash = "sha256:d791f059ef159adbe3c3b036557b5b431fa07db226a9de106a74e5e57441741d"},
]

[[package]]
name = "pycodestyle"
version = "2.10.0"
description = "Python style guide checker"
optional = false
python-versions = ">=3.6"
groups = ["dev"]
files = [
    {file = "pycodestyle-2.10.0-py2.py3-none-any.whl", hash = "sha256:8a4eaf0d0495c7395bdab3589ac2db602797d76207242c17d470186815706610"},
    {file = "pycodestyle-2.10.0.tar.gz", hash = "sha256:347187bdb476329d98f695c213d7295a846d1152ff4fe9bacb8a9590b8ee7053"},
]

[[package]]
name = "pytest"
version = "7.4.4"
description = "pytest: simple powerful testing with Python"
optional = false
python-versions = ">=3.7"
groups = ["dev"]
files = [
    {file = "pytest-7.4.4-py3-none-any.whl", hash = "sha256:b090cdf5ed60bf4c45261be03239c2c1c22df034fbffe691abe93cd80cea01d8"},
    {file = "pytest-7.4.4.tar.gz", hash = "sha256:2cf0005922c6ace4a3e2ec8b4080eb0d9753fdc93107415332f50ce9e7994280"},
]

[package.dependencies]
colorama = {version = "*", markers = "sys_platform == \"win32\""}
exceptiongroup = {version = ">=1.0.0rc8", markers = "python_version < \"3.11\""}
importlib-metadata = {version = ">=0.12", markers = "python_version < \"3.8\""}
iniconfig = "*"
packaging = "*"
pluggy = ">=0.12,<2.0"
tomli = {version = ">=1.0.0", markers = "python_version < \"3.11\""}

[package.extras]
testing = ["argcomplete", "attrs (>=19.2.0)", "hypothesis (>=3.56)", "mock", "nose", "pygments (>=2.7.2)", "requests", "setuptools", "xmlschema"]

[[package]]
name = "pyyaml"
version = "6.0.1"
description = "YAML parser and emitter for Python"
optional = false
python-versions = ">=3.6"
groups = ["main"]
files = [
    {file = "PyYAML-6.0.1-cp310-cp310-macosx_10_9_x86_64.whl", hash = "sha256:d858aa552c999bc8a8d57426ed01e40bef403cd8ccdd0fc5f6f04a00414cac2a"},
    {file = "PyYAML-6.0.1-cp310-cp310-macosx_11_0_arm64.whl", hash = "sha256:fd66fc5d0da6d9815ba2cebeb4205f95818ff4b79c3ebe268e75d961704af52f"},
    {file = "PyYAML-6.0.1-cp310-cp310-manylinux_2_17_aarch64.manylinux2014_aarch64.whl", hash = "sha256:69b023b2b4daa7548bcfbd4aa3da05b3a74b772db9e23b982788168117739938"},
    {file = "PyYAML-6.0.1-cp310-cp310-manylinux_2_17_s390x.manylinux2014_s390x.whl", hash = "sha256:81e0b275a9ecc9c0c0c07b4b90ba548307583c125f54d5b6946cfee6360c733d"},
    {file = "PyYAML-6.0.1-cp310-cp310-manylinux_2_17_x86_64.manylinux2014_x86_64.whl", hash = "sha256:ba336e390cd8e4d1739f42dfe9bb83a3cc2e80f567d8805e11b46f4a943f5515"},
    {file = "PyYAML-6.0.1-cp310-cp310-musllinux_1_1_x86_64.whl", hash = "sha256:326c013efe8048858a6d312ddd31d56e468118ad4cdeda36c719bf5bb6192290"},
    {file = "PyYAML-6.0.1-cp310-cp310-win32.whl", hash = "sha256:bd4af7373a854424dabd882decdc5579653d7868b8fb26dc7d0e99f823aa5924"},
    {file = "PyYAML-6.0.1-cp310-cp310-win_amd64.whl", hash = "sha256:fd1592b3fdf65fff2ad0004b5e363300ef59ced41c2e6b3a99d4089fa8c5435d"},
    {file = "PyYAML-6.0.1-cp311-cp311-macosx_10_9_x86_64.whl", hash = "sha256:6965a7bc3cf88e5a1c3bd2e0b5c22f8d677dc88a455344035f03399034eb3007"},
    {file = "PyYAML-6.0.1-cp311-cp311-macosx_11_0_arm64.whl", hash = "sha256:f003ed9ad21d6a4713f0a9b5a7a0a79e08dd0f221aff4525a2be4c346ee60aab"},
    {file = "PyYAML-6.0.1-cp311-cp311-manylinux_2_17_aarch64.manylinux2014_aarch64.whl", hash = "sha256:42f8152b8dbc4fe7d96729ec2b99c7097d656dc1213a3229ca5383f973a5ed6d"},
    {file = "PyYAML-6.0.1-cp311-cp311-manylinux_2_17_s390x.manylinux2014_s390x.whl", hash = "sha256:062582fca9fabdd2c8b54a3ef1c978d786e0f6b3a1510e0ac93ef59e0ddae2bc"},
    {file = "PyYAML-6.0.1-cp311-cp311-manylinux_2_17_x86_64.manylinux2014_x86_64.whl", hash = "sha256:d2b04aac4d386b172d5b9692e2d2da8de7bfb6c387fa4f801fbf6fb2e6ba4673"},
    {file = "PyYAML-6.0.1-cp311-cp311-musllinux_1_1_x86_64.whl", hash = "sha256:e7d73685e87afe9f3b36c799222440d6cf362062f78be1013661b00c5c6f678b"},
    {file = "PyYAML-6.0.1-cp311-cp311-win32.whl", hash = "sha256:1635fd110e8d85d55237ab316b5b011de701ea0f29d07611174a1b42f1444741"},
    {file = "PyYAML-6.0.1-cp311-cp311-win_amd64.whl", hash = "sha256:bf07ee2fef7014951eeb99f56f39c9bb4af143d8aa3c21b1677805985307da34"},
    {file = "PyYAML-6.0.1-cp312-cp312-macosx_10_9_x86_64.whl", hash = "sha256:855fb52b0dc35af121542a76b9a84f8d1cd886ea97c84703eaa6d88e37a2ad28"},
    {file = "PyYAML-6.0.1-cp312-cp312-macosx_11_0_arm64.whl", hash = "sha256:40df9b996c2b73138957fe23a16a4f0ba614f4c0efce1e9406a184b6d07fa3a9"},
    {file = "PyYAML-6.0.1-cp312-cp312-manylinux_2_17_aarch64.manylinux2014_aarch64.whl", hash = "sha256:a08c6f0fe150303c1c6b71ebcd7213c2858041a7e01975da3a99aed1e7a378ef"},
    {file = "PyYAML-6.0.1-cp312-cp312-manylinux_2_17_x86_64.manylinux2014_x86_64.whl", hash = "sha256:6c22bec3fbe2524cde73d7ada88f6566758a8f7227bfbf93a408a9d86bcc12a0"},
    {file = "PyYAML-6.0.1-cp312-cp312-musllinux_1_1_x86_64.whl", hash = "sha256:8d4e9c88387b0f5c7d5f281e55304de64cf7f9c0021a3525bd3b1c542da3b0e4"},
    {file = "PyYAML-6.0.1-cp312-cp312-win32.whl", hash = "sha256:d483d2cdf104e7c9fa60c544d92981f12ad66a457afae824d146093b8c294c54"},
    {file = "PyYAML-6.0.1-cp312-cp312-win_amd64.whl", hash = "sha256:0d3304d8c0adc42be59c5f8a4d9e3d7379e6955ad754aa9d6ab7a398b59dd1df"},
    {file = "PyYAML-6.0.1-cp36-cp36m-macosx_10_9_x86_64.whl", hash = "sha256:50550eb667afee136e9a77d6dc71ae76a44df8b3e51e41b77f6de2932bfe0f47"},
    {file = "PyYAML-6.0.1-cp36-cp36m-manylinux_2_17_aarch64.manylinux2014_aarch64.whl", hash = "sha256:1fe35611261b29bd1de0070f0b2f47cb6ff71fa6595c077e42bd0c419fa27b98"},
    {file = "PyYAML-6.0.1-cp36-cp36m-manylinux_2_17_s390x.manylinux2014_s390x.whl", hash = "sha256:704219a11b772aea0d8ecd7058d0082713c3562b4e271b849ad7dc4a5c90c13c"},
    {file = "PyYAML-6.0.1-cp36-cp36m-manylinux_2_17_x86_64.manylinux2014_x86_64.whl", hash = "sha256:afd7e57eddb1a54f0f1a974bc4391af8bcce0b444685d936840f125cf046d5bd"},
    {file = "PyYAML-6.0.1-cp36-cp36m-win32.whl", hash = "sha256:fca0e3a251908a499833aa292323f32437106001d436eca0e6e7833256674585"},
    {file = "PyYAML-6.0.1-cp36-cp36m-win_amd64.whl", hash = "sha256:f22ac1c3cac4dbc50079e965eba2c1058622631e526bd9afd45fedd49ba781fa"},
    {file = "PyYAML-6.0.1-cp37-cp37m-macosx_10_9_x86_64.whl", hash = "sha256:b1275ad35a5d18c62a7220633c913e1b42d44b46ee12554e5fd39c70a243d6a3"},
    {file = "PyYAML-6.0.1-cp37-cp37m-manylinux_2_17_aarch64.manylinux2014_aarch64.whl", hash = "sha256:18aeb1bf9a78867dc38b259769503436b7c72f7a1f1f4c93ff9a17de54319b27"},
    {file = "PyYAML-6.0.1-cp37-cp37m-manylinux_2_17_s390x.manylinux2014_s390x.whl", hash = "sha256:596106435fa6ad000c2991a98fa58eeb8656ef2325d7e158344fb33864ed87e3"},
    {file = "PyYAML-6.0.1-cp37-cp37m-manylinux_2_17_x86_64.manylinux2014_x86_64.whl", hash = "sha256:baa90d3f661d43131ca170712d903e6295d1f7a0f595074f151c0aed377c9b9c"},
    {file = "PyYAML-6.0.1-cp37-cp37m-win32.whl", hash = "sha256:9046c58c4395dff28dd494285c82ba00b546adfc7ef001486fbf0324bc174fba"},
    {file = "PyYAML-6.0.1-cp37-cp37m-win_amd64.whl", hash = "sha256:4fb147e7a67ef577a588a0e2c17b6db51dda102c71de36f8549b6816a96e1867"},
    {file = "PyYAML-6.0.1-cp38-cp38-macosx_10_9_x86_64.whl", hash = "sha256:1d4c7e777c441b20e32f52bd377e0c409713e8bb1386e1099c2415f26e479595"},
    {file = "PyYAML-6.0.1-cp38-cp38-manylinux_2_17_aarch64.manylinux2014_aarch64.whl", hash = "sha256:a0cd17c15d3bb3fa06978b4e8958dcdc6e0174ccea823003a106c7d4d7899ac5"},
    {file = "PyYAML-6.0.1-cp38-cp38-manylinux_2_17_s390x.manylinux2014_s390x.whl", hash = "sha256:28c119d996beec18c05208a8bd78cbe4007878c6dd15091efb73a30e90539696"},
    {file = "PyYAML-6.0.1-cp38-cp38-manylinux_2_17_x86_64.manylinux2014_x86_64.whl", hash = "sha256:7e07cbde391ba96ab58e532ff4803f79c4129397514e1413a7dc761ccd755735"},
    {file = "PyYAML-6.0.1-cp38-cp38-musllinux_1_1_x86_64.whl", hash = "sha256:49a183be227561de579b4a36efbb21b3eab9651dd81b1858589f796549873dd6"},
    {file = "PyYAML-6.0.1-cp38-cp38-win32.whl", hash = "sha256:184c5108a2aca3c5b3d3bf9395d50893a7ab82a38004c8f61c258d4428e80206"},
    {file = "PyYAML-6.0.1-cp38-cp38-win_amd64.whl", hash = "sha256:1e2722cc9fbb45d9b87631ac70924c11d3a401b2d7f410cc0e3bbf249f2dca62"},
    {file = "PyYAML-6.0.1-cp39-cp39-macosx_10_9_x86_64.whl", hash = "sha256:9eb6caa9a297fc2c2fb8862bc5370d0303ddba53ba97e71f08023b6cd73d16a8"},
    {file = "PyYAML-6.0.1-cp39-cp39-macosx_11_0_arm64.whl", hash = "sha256:c8098ddcc2a85b61647b2590f825f3db38891662cfc2fc776415143f599bb859"},
    {file = "PyYAML-6.0.1-cp39-cp39-manylinux_2_17_aarch64.manylinux2014_aarch64.whl", hash = "sha256:5773183b6446b2c99bb77e77595dd486303b4faab2b086e7b17bc6bef28865f6"},
    {file = "PyYAML-6.0.1-cp39-cp39-manylinux_2_17_s390x.manylinux2014_s390x.whl", hash = "sha256:b786eecbdf8499b9ca1d697215862083bd6d2a99965554781d0d8d1ad31e13a0"},
    {file = "PyYAML-6.0.1-cp39-cp39-manylinux_2_17_x86_64.manylinux2014_x86_64.whl", hash = "sha256:bc1bf2925a1ecd43da378f4db9e4f799775d6367bdb94671027b73b393a7c42c"},
    {file = "PyYAML-6.0.1-cp39-cp39-musllinux_1_1_x86_64.whl", hash = "sha256:04ac92ad1925b2cff1db0cfebffb6ffc43457495c9b3c39d3fcae417d7125dc5"},
    {file = "PyYAML-6.0.1-cp39-cp39-win32.whl", hash = "sha256:faca3bdcf85b2fc05d06ff3fbc1f83e1391b3e724afa3feba7d13eeab355484c"},
    {file = "PyYAML-6.0.1-cp39-cp39-win_amd64.whl", hash = "sha256:510c9deebc5c0225e8c96813043e62b680ba2f9c50a08d3724c7f28a747d1486"},
    {file = "PyYAML-6.0.1.tar.gz", hash = "sha256:bfdf460b1736c775f2ba9f6a92bca30bc2095067b8a9d77876d1fad6cc3b4a43"},
]

[[package]]
name = "requests"
version = "2.31.0"
description = "Python HTTP for Humans."
optional = false
python-versions = ">=3.7"
groups = ["main"]
files = [
    {file = "requests-2.31.0-py3-none-any.whl", hash = "sha256:58cd2187c01e70e6e26505bca751777aa9f2ee0b7f4300988b709f44e013003f"},
    {file = "requests-2.31.0.tar.gz", hash = "sha256:942c5a758f98d790eaed1a29cb6eefc7ffb0d1cf7af05c3d2791656dbd6ad1e1"},
]

[package.dependencies]
certifi = ">=2017.4.17"
charset-normalizer = ">=2,<4"
idna = ">=2.5,<4"
urllib3 = ">=1.21.1,<3"

[package.extras]
socks = ["PySocks (>=1.5.6,!=1.5.7)"]
use-chardet-on-py3 = ["chardet (>=3.0.2,<6)"]

[[package]]
name = "tomli"
version = "2.0.1"
description = "A lil' TOML parser"
optional = false
python-versions = ">=3.7"
groups = ["dev"]
markers = "python_version < \"3.11\""
files = [
    {file = "tomli-2.0.1-py3-none-any.whl", hash = "sha256:939de3e7a6161af0c887ef91b7d41a53e7c5a1ca976325f429cb46ea9bc30ecc"},
    {file = "tomli-2.0.1.tar.gz", hash = "sha256:de526c12914f0c550d15924c62d72abc48d6fe7364aa87328337a31007fe8a4f"},
]

[[package]]
name = "typing-extensions"
version = "4.7.1"
description = "Backported and Experimental Type Hints for Python 3.7+"
optional = false
python-versions = ">=3.7"
groups = ["dev"]
markers = "python_version < \"3.11\""
files = [
    {file = "typing_extensions-4.7.1-py3-none-any.whl", hash = "sha256:440d5dd3af93b060174bf433bccd69b0babc3b15b1a8dca43789fd7f61514b36"},
    {file = "typing_extensions-4.7.1.tar.gz", hash = "sha256:b75ddc264f0ba5615db7ba217daeb99701ad295353c45f9e95963337ceeeffb2"},
]

[[package]]
name = "urllib3"
version = "2.0.7"
description = "HTTP library with thread-safe connection pooling, file post, and more."
optional = false
python-versions = ">=3.7"
groups = ["main"]
files = [
    {file = "urllib3-2.0.7-py3-none-any.whl", hash = "sha256:fdb6d215c776278489906c2f8916e6e7d4f5a9b602ccbcfdf7f016fc8da0596e"},
    {file = "urllib3-2.0.7.tar.gz", hash = "sha256:c97dfde1f7bd43a71c8d2a58e369e9b2bf692d1334ea9f9cae55add7d0dd0f84"},
]

[package.extras]
brotli = ["brotli (>=1.0.9) ; platform_python_implementation == \"CPython\"", "brotlicffi (>=0.8.0) ; platform_python_implementation != \"CPython\""]
secure = ["certifi", "cryptography (>=1.9)", "idna (>=2.0.0)", "pyopenssl (>=17.1.0)", "urllib3-secure-extra"]
socks = ["pysocks (>=1.5.6,!=1.5.7,<2.0)"]
zstd = ["zstandard (>=0.18.0)"]

[[package]]
name = "zipp"
version = "3.15.0"
description = "Backport of pathlib-compatible object wrapper for zip files"
optional = false
python-versions = ">=3.7"
groups = ["dev"]
markers = "python_version == \"3.7\""
files = [
    {file = "zipp-3.15.0-py3-none-any.whl", hash = "sha256:48904fc76a60e542af151aded95726c1a5c34ed43ab4134b597665c86d7ad556"},
    {file = "zipp-3.15.0.tar.gz", hash = "sha256:112929ad649da941c23de50f356a2b5570c954b65150642bccdd66bf194d224b"},
]

[package.extras]
docs = ["furo", "jaraco.packaging (>=9)", "jaraco.tidelift (>=1.4)", "rst.linker (>=1.9)", "sphinx (>=3.5)", "sphinx-lint"]
testing = ["big-O", "flake8 (<5)", "jaraco.functools", "jaraco.itertools", "more-itertools", "pytest (>=6)", "pytest-black (>=0.3.7) ; platform_python_implementation != \"PyPy\"", "pytest-checkdocs (>=2.4)", "pytest-cov", "pytest-enabler (>=1.3)", "pytest-flake8 ; python_version < \"3.12\"", "pytest-mypy (>=0.9.1) ; platform_python_implementation != \"PyPy\""]

[metadata]
lock-version = "2.1"
python-versions = "^3.7"
content-hash = "ac0cad866a5eaae06fd612e2111d54d51318654331a2875c57cac969a08f79bc"
